// !$*UTF8*$!
{
	archiveVersion = 1;
	classes = {
	};
	objectVersion = 46;
	objects = {

/* Begin PBXBuildFile section */
		C610B98D1B5F7B050075CC3E /* main.m in Sources */ = {isa = PBXBuildFile; fileRef = C610B98C1B5F7B050075CC3E /* main.m */; };
		C610B9901B5F7B050075CC3E /* AppDelegate.m in Sources */ = {isa = PBXBuildFile; fileRef = C610B98F1B5F7B050075CC3E /* AppDelegate.m */; };
		C610B9931B5F7B050075CC3E /* ViewController.m in Sources */ = {isa = PBXBuildFile; fileRef = C610B9921B5F7B050075CC3E /* ViewController.m */; };
		C610B9961B5F7B050075CC3E /* Main.storyboard in Resources */ = {isa = PBXBuildFile; fileRef = C610B9941B5F7B050075CC3E /* Main.storyboard */; };
		C610B9981B5F7B050075CC3E /* Images.xcassets in Resources */ = {isa = PBXBuildFile; fileRef = C610B9971B5F7B050075CC3E /* Images.xcassets */; };
		C610B99B1B5F7B050075CC3E /* LaunchScreen.xib in Resources */ = {isa = PBXBuildFile; fileRef = C610B9991B5F7B050075CC3E /* LaunchScreen.xib */; };
		C610B9A71B5F7B050075CC3E /* CocoaTestTests.m in Sources */ = {isa = PBXBuildFile; fileRef = C610B9A61B5F7B050075CC3E /* CocoaTestTests.m */; };
/* End PBXBuildFile section */

/* Begin PBXContainerItemProxy section */
		C610B9A11B5F7B050075CC3E /* PBXContainerItemProxy */ = {
			isa = PBXContainerItemProxy;
			containerPortal = C610B97F1B5F7B050075CC3E /* Project object */;
			proxyType = 1;
			remoteGlobalIDString = C610B9861B5F7B050075CC3E;
			remoteInfo = CocoaTest;
		};
/* End PBXContainerItemProxy section */

/* Begin PBXFileReference section */
		C610B9871B5F7B050075CC3E /* CocoaTest.app */ = {isa = PBXFileReference; explicitFileType = wrapper.application; includeInIndex = 0; path = CocoaTest.app; sourceTree = BUILT_PRODUCTS_DIR; };
		C610B98B1B5F7B050075CC3E /* Info.plist */ = {isa = PBXFileReference; lastKnownFileType = text.plist.xml; path = Info.plist; sourceTree = "<group>"; };
		C610B98C1B5F7B050075CC3E /* main.m */ = {isa = PBXFileReference; lastKnownFileType = sourcecode.c.objc; path = main.m; sourceTree = "<group>"; };
		C610B98E1B5F7B050075CC3E /* AppDelegate.h */ = {isa = PBXFileReference; lastKnownFileType = sourcecode.c.h; path = AppDelegate.h; sourceTree = "<group>"; };
		C610B98F1B5F7B050075CC3E /* AppDelegate.m */ = {isa = PBXFileReference; lastKnownFileType = sourcecode.c.objc; path = AppDelegate.m; sourceTree = "<group>"; };
		C610B9911B5F7B050075CC3E /* ViewController.h */ = {isa = PBXFileReference; lastKnownFileType = sourcecode.c.h; path = ViewController.h; sourceTree = "<group>"; };
		C610B9921B5F7B050075CC3E /* ViewController.m */ = {isa = PBXFileReference; lastKnownFileType = sourcecode.c.objc; path = ViewController.m; sourceTree = "<group>"; };
		C610B9951B5F7B050075CC3E /* Base */ = {isa = PBXFileReference; lastKnownFileType = file.storyboard; name = Base; path = Base.lproj/Main.storyboard; sourceTree = "<group>"; };
		C610B9971B5F7B050075CC3E /* Images.xcassets */ = {isa = PBXFileReference; lastKnownFileType = folder.assetcatalog; path = Images.xcassets; sourceTree = "<group>"; };
		C610B99A1B5F7B050075CC3E /* Base */ = {isa = PBXFileReference; lastKnownFileType = file.xib; name = Base; path = Base.lproj/LaunchScreen.xib; sourceTree = "<group>"; };
		C610B9A01B5F7B050075CC3E /* CocoaTestTests.xctest */ = {isa = PBXFileReference; explicitFileType = wrapper.cfbundle; includeInIndex = 0; path = CocoaTestTests.xctest; sourceTree = BUILT_PRODUCTS_DIR; };
		C610B9A51B5F7B050075CC3E /* Info.plist */ = {isa = PBXFileReference; lastKnownFileType = text.plist.xml; path = Info.plist; sourceTree = "<group>"; };
		C610B9A61B5F7B050075CC3E /* CocoaTestTests.m */ = {isa = PBXFileReference; lastKnownFileType = sourcecode.c.objc; path = CocoaTestTests.m; sourceTree = "<group>"; };
/* End PBXFileReference section */

/* Begin PBXFrameworksBuildPhase section */
		C610B9841B5F7B050075CC3E /* Frameworks */ = {
			isa = PBXFrameworksBuildPhase;
			buildActionMask = 2147483647;
			files = (
			);
			runOnlyForDeploymentPostprocessing = 0;
		};
		C610B99D1B5F7B050075CC3E /* Frameworks */ = {
			isa = PBXFrameworksBuildPhase;
			buildActionMask = 2147483647;
			files = (
			);
			runOnlyForDeploymentPostprocessing = 0;
		};
/* End PBXFrameworksBuildPhase section */

/* Begin PBXGroup section */
		C610B97E1B5F7B050075CC3E = {
			isa = PBXGroup;
			children = (
				C610B9891B5F7B050075CC3E /* CocoaTest */,
				C610B9A31B5F7B050075CC3E /* CocoaTestTests */,
				C610B9881B5F7B050075CC3E /* Products */,
			);
			sourceTree = "<group>";
		};
		C610B9881B5F7B050075CC3E /* Products */ = {
			isa = PBXGroup;
			children = (
				C610B9871B5F7B050075CC3E /* CocoaTest.app */,
				C610B9A01B5F7B050075CC3E /* CocoaTestTests.xctest */,
			);
			name = Products;
			sourceTree = "<group>";
		};
		C610B9891B5F7B050075CC3E /* CocoaTest */ = {
			isa = PBXGroup;
			children = (
				C610B98E1B5F7B050075CC3E /* AppDelegate.h */,
				C610B98F1B5F7B050075CC3E /* AppDelegate.m */,
				C610B9911B5F7B050075CC3E /* ViewController.h */,
				C610B9921B5F7B050075CC3E /* ViewController.m */,
				C610B9941B5F7B050075CC3E /* Main.storyboard */,
				C610B9971B5F7B050075CC3E /* Images.xcassets */,
				C610B9991B5F7B050075CC3E /* LaunchScreen.xib */,
				C610B98A1B5F7B050075CC3E /* Supporting Files */,
			);
			path = CocoaTest;
			sourceTree = "<group>";
		};
		C610B98A1B5F7B050075CC3E /* Supporting Files */ = {
			isa = PBXGroup;
			children = (
				C610B98B1B5F7B050075CC3E /* Info.plist */,
				C610B98C1B5F7B050075CC3E /* main.m */,
			);
			name = "Supporting Files";
			sourceTree = "<group>";
		};
		C610B9A31B5F7B050075CC3E /* CocoaTestTests */ = {
			isa = PBXGroup;
			children = (
				C610B9A61B5F7B050075CC3E /* CocoaTestTests.m */,
				C610B9A41B5F7B050075CC3E /* Supporting Files */,
			);
			path = CocoaTestTests;
			sourceTree = "<group>";
		};
		C610B9A41B5F7B050075CC3E /* Supporting Files */ = {
			isa = PBXGroup;
			children = (
				C610B9A51B5F7B050075CC3E /* Info.plist */,
			);
			name = "Supporting Files";
			sourceTree = "<group>";
		};
/* End PBXGroup section */

/* Begin PBXNativeTarget section */
		C610B9861B5F7B050075CC3E /* CocoaTest */ = {
			isa = PBXNativeTarget;
			buildConfigurationList = C610B9AA1B5F7B050075CC3E /* Build configuration list for PBXNativeTarget "CocoaTest" */;
			buildPhases = (
				C610B9831B5F7B050075CC3E /* Sources */,
				C610B9841B5F7B050075CC3E /* Frameworks */,
				C610B9851B5F7B050075CC3E /* Resources */,
			);
			buildRules = (
			);
			dependencies = (
			);
			name = CocoaTest;
			productName = CocoaTest;
			productReference = C610B9871B5F7B050075CC3E /* CocoaTest.app */;
			productType = "com.apple.product-type.application";
		};
		C610B99F1B5F7B050075CC3E /* CocoaTestTests */ = {
			isa = PBXNativeTarget;
			buildConfigurationList = C610B9AD1B5F7B050075CC3E /* Build configuration list for PBXNativeTarget "CocoaTestTests" */;
			buildPhases = (
				C610B99C1B5F7B050075CC3E /* Sources */,
				C610B99D1B5F7B050075CC3E /* Frameworks */,
				C610B99E1B5F7B050075CC3E /* Resources */,
			);
			buildRules = (
			);
			dependencies = (
				C610B9A21B5F7B050075CC3E /* PBXTargetDependency */,
			);
			name = CocoaTestTests;
			productName = CocoaTestTests;
			productReference = C610B9A01B5F7B050075CC3E /* CocoaTestTests.xctest */;
			productType = "com.apple.product-type.bundle.unit-test";
		};
/* End PBXNativeTarget section */

/* Begin PBXProject section */
		C610B97F1B5F7B050075CC3E /* Project object */ = {
			isa = PBXProject;
			attributes = {
				LastUpgradeCheck = 0640;
				ORGANIZATIONNAME = Domrachev;
				TargetAttributes = {
					C610B9861B5F7B050075CC3E = {
						CreatedOnToolsVersion = 6.4;
					};
					C610B99F1B5F7B050075CC3E = {
						CreatedOnToolsVersion = 6.4;
						TestTargetID = C610B9861B5F7B050075CC3E;
					};
				};
			};
			buildConfigurationList = C610B9821B5F7B050075CC3E /* Build configuration list for PBXProject "CocoaTest" */;
			compatibilityVersion = "Xcode 3.2";
			developmentRegion = English;
			hasScannedForEncodings = 0;
			knownRegions = (
				en,
				Base,
			);
			mainGroup = C610B97E1B5F7B050075CC3E;
			productRefGroup = C610B9881B5F7B050075CC3E /* Products */;
			projectDirPath = "";
			projectRoot = "";
			targets = (
				C610B9861B5F7B050075CC3E /* CocoaTest */,
				C610B99F1B5F7B050075CC3E /* CocoaTestTests */,
			);
		};
/* End PBXProject section */

/* Begin PBXResourcesBuildPhase section */
		C610B9851B5F7B050075CC3E /* Resources */ = {
			isa = PBXResourcesBuildPhase;
			buildActionMask = 2147483647;
			files = (
				C610B9961B5F7B050075CC3E /* Main.storyboard in Resources */,
				C610B99B1B5F7B050075CC3E /* LaunchScreen.xib in Resources */,
				C610B9981B5F7B050075CC3E /* Images.xcassets in Resources */,
			);
			runOnlyForDeploymentPostprocessing = 0;
		};
		C610B99E1B5F7B050075CC3E /* Resources */ = {
			isa = PBXResourcesBuildPhase;
			buildActionMask = 2147483647;
			files = (
			);
			runOnlyForDeploymentPostprocessing = 0;
		};
/* End PBXResourcesBuildPhase section */

/* Begin PBXSourcesBuildPhase section */
		C610B9831B5F7B050075CC3E /* Sources */ = {
			isa = PBXSourcesBuildPhase;
			buildActionMask = 2147483647;
			files = (
				C610B9931B5F7B050075CC3E /* ViewController.m in Sources */,
				C610B9901B5F7B050075CC3E /* AppDelegate.m in Sources */,
				C610B98D1B5F7B050075CC3E /* main.m in Sources */,
			);
			runOnlyForDeploymentPostprocessing = 0;
		};
		C610B99C1B5F7B050075CC3E /* Sources */ = {
			isa = PBXSourcesBuildPhase;
			buildActionMask = 2147483647;
			files = (
				C610B9A71B5F7B050075CC3E /* CocoaTestTests.m in Sources */,
			);
			runOnlyForDeploymentPostprocessing = 0;
		};
/* End PBXSourcesBuildPhase section */

/* Begin PBXTargetDependency section */
		C610B9A21B5F7B050075CC3E /* PBXTargetDependency */ = {
			isa = PBXTargetDependency;
			target = C610B9861B5F7B050075CC3E /* CocoaTest */;
			targetProxy = C610B9A11B5F7B050075CC3E /* PBXContainerItemProxy */;
		};
/* End PBXTargetDependency section */

/* Begin PBXVariantGroup section */
		C610B9941B5F7B050075CC3E /* Main.storyboard */ = {
			isa = PBXVariantGroup;
			children = (
				C610B9951B5F7B050075CC3E /* Base */,
			);
			name = Main.storyboard;
			sourceTree = "<group>";
		};
		C610B9991B5F7B050075CC3E /* LaunchScreen.xib */ = {
			isa = PBXVariantGroup;
			children = (
				C610B99A1B5F7B050075CC3E /* Base */,
			);
			name = LaunchScreen.xib;
			sourceTree = "<group>";
		};
/* End PBXVariantGroup section */

/* Begin XCBuildConfiguration section */
		C610B9A81B5F7B050075CC3E /* Debug */ = {
			isa = XCBuildConfiguration;
			buildSettings = {
				ALWAYS_SEARCH_USER_PATHS = NO;
				CLANG_CXX_LANGUAGE_STANDARD = "gnu++0x";
				CLANG_CXX_LIBRARY = "libc++";
				CLANG_ENABLE_MODULES = YES;
				CLANG_ENABLE_OBJC_ARC = YES;
				CLANG_WARN_BOOL_CONVERSION = YES;
				CLANG_WARN_CONSTANT_CONVERSION = YES;
				CLANG_WARN_DIRECT_OBJC_ISA_USAGE = YES_ERROR;
				CLANG_WARN_EMPTY_BODY = YES;
				CLANG_WARN_ENUM_CONVERSION = YES;
				CLANG_WARN_INT_CONVERSION = YES;
				CLANG_WARN_OBJC_ROOT_CLASS = YES_ERROR;
				CLANG_WARN_UNREACHABLE_CODE = YES;
				CLANG_WARN__DUPLICATE_METHOD_MATCH = YES;
				"CODE_SIGN_IDENTITY[sdk=iphoneos*]" = "iPhone Developer";
				COPY_PHASE_STRIP = NO;
				DEBUG_INFORMATION_FORMAT = "dwarf-with-dsym";
				ENABLE_STRICT_OBJC_MSGSEND = YES;
				GCC_C_LANGUAGE_STANDARD = gnu99;
				GCC_DYNAMIC_NO_PIC = NO;
				GCC_NO_COMMON_BLOCKS = YES;
				GCC_OPTIMIZATION_LEVEL = 0;
				GCC_PREPROCESSOR_DEFINITIONS = (
					"DEBUG=1",
					"$(inherited)",
				);
				GCC_SYMBOLS_PRIVATE_EXTERN = NO;
				GCC_WARN_64_TO_32_BIT_CONVERSION = YES;
				GCC_WARN_ABOUT_RETURN_TYPE = YES_ERROR;
				GCC_WARN_UNDECLARED_SELECTOR = YES;
				GCC_WARN_UNINITIALIZED_AUTOS = YES_AGGRESSIVE;
				GCC_WARN_UNUSED_FUNCTION = YES;
				GCC_WARN_UNUSED_VARIABLE = YES;
				IPHONEOS_DEPLOYMENT_TARGET = 8.4;
				MTL_ENABLE_DEBUG_INFO = YES;
				ONLY_ACTIVE_ARCH = YES;
				SDKROOT = iphoneos;
				TARGETED_DEVICE_FAMILY = "1,2";
			};
			name = Debug;
		};
		C610B9A91B5F7B050075CC3E /* Release */ = {
			isa = XCBuildConfiguration;
			buildSettings = {
				ALWAYS_SEARCH_USER_PATHS = NO;
				CLANG_CXX_LANGUAGE_STANDARD = "gnu++0x";
				CLANG_CXX_LIBRARY = "libc++";
				CLANG_ENABLE_MODULES = YES;
				CLANG_ENABLE_OBJC_ARC = YES;
				CLANG_WARN_BOOL_CONVERSION = YES;
				CLANG_WARN_CONSTANT_CONVERSION = YES;
				CLANG_WARN_DIRECT_OBJC_ISA_USAGE = YES_ERROR;
				CLANG_WARN_EMPTY_BODY = YES;
				CLANG_WARN_ENUM_CONVERSION = YES;
				CLANG_WARN_INT_CONVERSION = YES;
				CLANG_WARN_OBJC_ROOT_CLASS = YES_ERROR;
				CLANG_WARN_UNREACHABLE_CODE = YES;
				CLANG_WARN__DUPLICATE_METHOD_MATCH = YES;
				"CODE_SIGN_IDENTITY[sdk=iphoneos*]" = "iPhone Developer";
				COPY_PHASE_STRIP = NO;
				DEBUG_INFORMATION_FORMAT = "dwarf-with-dsym";
				ENABLE_NS_ASSERTIONS = NO;
				ENABLE_STRICT_OBJC_MSGSEND = YES;
				GCC_C_LANGUAGE_STANDARD = gnu99;
				GCC_NO_COMMON_BLOCKS = YES;
				GCC_WARN_64_TO_32_BIT_CONVERSION = YES;
				GCC_WARN_ABOUT_RETURN_TYPE = YES_ERROR;
				GCC_WARN_UNDECLARED_SELECTOR = YES;
				GCC_WARN_UNINITIALIZED_AUTOS = YES_AGGRESSIVE;
				GCC_WARN_UNUSED_FUNCTION = YES;
				GCC_WARN_UNUSED_VARIABLE = YES;
				IPHONEOS_DEPLOYMENT_TARGET = 8.4;
				MTL_ENABLE_DEBUG_INFO = NO;
				SDKROOT = iphoneos;
				TARGETED_DEVICE_FAMILY = "1,2";
				VALIDATE_PRODUCT = YES;
			};
			name = Release;
		};
		C610B9AB1B5F7B050075CC3E /* Debug */ = {
			isa = XCBuildConfiguration;
			buildSettings = {
				ASSETCATALOG_COMPILER_APPICON_NAME = AppIcon;
				INFOPLIST_FILE = CocoaTest/Info.plist;
				LD_RUNPATH_SEARCH_PATHS = "$(inherited) @executable_path/Frameworks";
				PRODUCT_NAME = "$(TARGET_NAME)";
			};
			name = Debug;
		};
		C610B9AC1B5F7B050075CC3E /* Release */ = {
			isa = XCBuildConfiguration;
			buildSettings = {
				ASSETCATALOG_COMPILER_APPICON_NAME = AppIcon;
				INFOPLIST_FILE = CocoaTest/Info.plist;
				LD_RUNPATH_SEARCH_PATHS = "$(inherited) @executable_path/Frameworks";
				PRODUCT_NAME = "$(TARGET_NAME)";
			};
			name = Release;
		};
		C610B9AE1B5F7B050075CC3E /* Debug */ = {
			isa = XCBuildConfiguration;
			buildSettings = {
				BUNDLE_LOADER = "$(TEST_HOST)";
				FRAMEWORK_SEARCH_PATHS = (
					"$(SDKROOT)/Developer/Library/Frameworks",
					"$(inherited)",
				);
				GCC_PREPROCESSOR_DEFINITIONS = (
					"DEBUG=1",
					"$(inherited)",
				);
				INFOPLIST_FILE = CocoaTestTests/Info.plist;
				LD_RUNPATH_SEARCH_PATHS = "$(inherited) @executable_path/Frameworks @loader_path/Frameworks";
				PRODUCT_NAME = "$(TARGET_NAME)";
				TEST_HOST = "$(BUILT_PRODUCTS_DIR)/CocoaTest.app/CocoaTest";
			};
			name = Debug;
		};
		C610B9AF1B5F7B050075CC3E /* Release */ = {
			isa = XCBuildConfiguration;
			buildSettings = {
				BUNDLE_LOADER = "$(TEST_HOST)";
				FRAMEWORK_SEARCH_PATHS = (
					"$(SDKROOT)/Developer/Library/Frameworks",
					"$(inherited)",
				);
				INFOPLIST_FILE = CocoaTestTests/Info.plist;
				LD_RUNPATH_SEARCH_PATHS = "$(inherited) @executable_path/Frameworks @loader_path/Frameworks";
				PRODUCT_NAME = "$(TARGET_NAME)";
				TEST_HOST = "$(BUILT_PRODUCTS_DIR)/CocoaTest.app/CocoaTest";
			};
			name = Release;
		};
/* End XCBuildConfiguration section */

/* Begin XCConfigurationList section */
		C610B9821B5F7B050075CC3E /* Build configuration list for PBXProject "CocoaTest" */ = {
			isa = XCConfigurationList;
			buildConfigurations = (
				C610B9A81B5F7B050075CC3E /* Debug */,
				C610B9A91B5F7B050075CC3E /* Release */,
			);
			defaultConfigurationIsVisible = 0;
			defaultConfigurationName = Release;
		};
		C610B9AA1B5F7B050075CC3E /* Build configuration list for PBXNativeTarget "CocoaTest" */ = {
			isa = XCConfigurationList;
			buildConfigurations = (
				C610B9AB1B5F7B050075CC3E /* Debug */,
				C610B9AC1B5F7B050075CC3E /* Release */,
			);
			defaultConfigurationIsVisible = 0;
		};
		C610B9AD1B5F7B050075CC3E /* Build configuration list for PBXNativeTarget "CocoaTestTests" */ = {
			isa = XCConfigurationList;
			buildConfigurations = (
				C610B9AE1B5F7B050075CC3E /* Debug */,
				C610B9AF1B5F7B050075CC3E /* Release */,
			);
			defaultConfigurationIsVisible = 0;
		};
/* End XCConfigurationList section */
	};
	rootObject = C610B97F1B5F7B050075CC3E /* Project object */;
}
